
Microsoft Visual Studio Solution File, Format Version 12.00
# Visual Studio Version 16
VisualStudioVersion = 16.0.29519.181
MinimumVisualStudioVersion = 10.0.40219.1
Project("{FAE04EC0-301F-11D3-BF4B-00C04F79EFBC}") = "GitCapirotescoTeste", "GitCapirotescoTeste\GitCapirotescoTeste.csproj", "{F19797CA-4C4E-4803-84F5-9E93F78AAA51}"
EndProject
Global
	GlobalSection(SolutionConfigurationPlatforms) = preSolution
		Debug|Any CPU = Debug|Any CPU
		Release|Any CPU = Release|Any CPU
	EndGlobalSection
	GlobalSection(ProjectConfigurationPlatforms) = postSolution
		{F19797CA-4C4E-4803-84F5-9E93F78AAA51}.Debug|Any CPU.ActiveCfg = Debug|Any CPU
		{F19797CA-4C4E-4803-84F5-9E93F78AAA51}.Debug|Any CPU.Build.0 = Debug|Any CPU
		{F19797CA-4C4E-4803-84F5-9E93F78AAA51}.Release|Any CPU.ActiveCfg = Release|Any CPU
		{F19797CA-4C4E-4803-84F5-9E93F78AAA51}.Release|Any CPU.Build.0 = Release|Any CPU
	EndGlobalSection
	GlobalSection(SolutionProperties) = preSolution
		HideSolutionNode = FALSE
	EndGlobalSection
	GlobalSection(ExtensibilityGlobals) = postSolution
		SolutionGuid = {82DCBF0C-E77B-4632-9886-922CC435A55C}
	EndGlobalSection
EndGlobal
